
Microsoft Visual Studio Solution File, Format Version 12.00
# Visual Studio 2013
VisualStudioVersion = 12.0.0.0
MinimumVisualStudioVersion = 10.0.0.1
Project("{FAE04EC0-301F-11D3-BF4B-00C04F79EFBC}") = "VirtualInventories", "VirtualInventories\VirtualInventories.csproj", "{8DB88689-1AE2-460E-9A9E-293F1BE6150F}"
EndProject
Project("{FAE04EC0-301F-11D3-BF4B-00C04F79EFBC}") = "MiNET.Server", "MiNET.Server\MiNET.Server.csproj", "{1A672088-D87E-4BE3-AD88-85025E147FA7}"
EndProject
Global
	GlobalSection(SolutionConfigurationPlatforms) = preSolution
		Debug|Any CPU = Debug|Any CPU
		Release|Any CPU = Release|Any CPU
	EndGlobalSection
	GlobalSection(ProjectConfigurationPlatforms) = postSolution
		{8DB88689-1AE2-460E-9A9E-293F1BE6150F}.Debug|Any CPU.ActiveCfg = Debug|Any CPU
		{8DB88689-1AE2-460E-9A9E-293F1BE6150F}.Debug|Any CPU.Build.0 = Debug|Any CPU
		{8DB88689-1AE2-460E-9A9E-293F1BE6150F}.Release|Any CPU.ActiveCfg = Release|Any CPU
		{8DB88689-1AE2-460E-9A9E-293F1BE6150F}.Release|Any CPU.Build.0 = Release|Any CPU
		{1A672088-D87E-4BE3-AD88-85025E147FA7}.Debug|Any CPU.ActiveCfg = Debug|Any CPU
		{1A672088-D87E-4BE3-AD88-85025E147FA7}.Debug|Any CPU.Build.0 = Debug|Any CPU
		{1A672088-D87E-4BE3-AD88-85025E147FA7}.Release|Any CPU.ActiveCfg = Release|Any CPU
		{1A672088-D87E-4BE3-AD88-85025E147FA7}.Release|Any CPU.Build.0 = Release|Any CPU
	EndGlobalSection
	GlobalSection(SolutionProperties) = preSolution
		HideSolutionNode = FALSE
	EndGlobalSection
EndGlobal
